<?xml version="1.0" encoding="UTF-8" standalone="yes" ?>
<CodeBlocks_project_file>
	<FileVersion major="1" minor="6" />
	<Project>
		<Option title="4dc" />
		<Option makefile_is_custom="1" />
		<Option pch_mode="2" />
		<Option compiler="gcc" />
		<Build>
			<Target title="Debug">
				<Option output="bin/Debug/4dc" prefix_auto="1" extension_auto="1" />
				<Option working_dir="bin/Debug" />
				<Option object_output="obj/Debug/" />
				<Option type="1" />
				<Option compiler="gcc" />
				<Compiler>
					<Add directory="include/util" />
					<Add directory="include" />
				</Compiler>
			</Target>
			<Target title="Release">
				<Option output="bin/Release/4dc" prefix_auto="1" extension_auto="1" />
				<Option working_dir="bin/Release" />
				<Option object_output="obj/Release/" />
				<Option type="1" />
				<Option compiler="gcc" />
				<Compiler>
					<Add directory="include/util" />
					<Add directory="include" />
				</Compiler>
			</Target>
		</Build>
		<Unit filename="Makefile" />
		<Unit filename="include/ast.h" />
		<Unit filename="include/builder.h" />
		<Unit filename="include/builtins.h" />
		<Unit filename="include/functionsignature.h" />
		<Unit filename="include/lexer.h" />
		<Unit filename="include/llvm-dependencies.h" />
		<Unit filename="include/parser.h" />
		<Unit filename="include/token.h" />
		<Unit filename="include/util/logger.h" />
		<Unit filename="include/util/nulostream.h" />
		<Unit filename="include/util/util.h" />
		<Unit filename="include/vartype.h" />
		<Unit filename="main.cpp" />
		<Unit filename="src/ast.cpp" />
		<Unit filename="src/builder.cpp" />
		<Unit filename="src/builtins.cpp" />
		<Unit filename="src/functionsignature.cpp" />
		<Unit filename="src/lexer.cpp" />
		<Unit filename="src/parser.cpp" />
		<Unit filename="src/token.cpp" />
		<Unit filename="src/util/logger.cpp" />
		<Unit filename="src/util/nulostream.cpp" />
		<Unit filename="src/util/util.cpp" />
		<Unit filename="src/vartype.cpp" />
		<Extensions>
			<AutoVersioning>
				<Scheme minor_max="10" build_max="0" rev_max="0" rev_rand_max="10" build_times_to_increment_minor="100" />
				<Settings autoincrement="1" date_declarations="1" use_define="0" update_manifest="0" do_auto_increment="0" ask_to_increment="0" language="C++" svn="0" svn_directory="" header_path="version.h" />
				<Changes_Log show_changes_editor="0" app_title="released version %M.%m.%b of %p" changeslog_path="ChangesLog.txt" />
				<Code header_guard="VERSION_H" namespace="AutoVersion" prefix="" />
			</AutoVersioning>
			<code_completion />
			<envvars />
			<debugger />
			<editor_config active="1" use_tabs="0" tab_indents="0" tab_width="2" indent="2" eol_mode="0" />
		</Extensions>
	</Project>
</CodeBlocks_project_file>
